<?xml version="1.0" encoding="utf-8"?>
<Project ToolsVersion="4.0" xmlns="http://schemas.microsoft.com/developer/msbuild/2003">
  <ItemGroup>
    <Filter Include="Windows">
      <UniqueIdentifier>{3a08d480-477b-4179-b99a-d7af9be6dfca}</UniqueIdentifier>
    </Filter>
  </ItemGroup>
  <ItemGroup>
    <ClInclude Include="src\Windows\ToolsClass.h" />
    <ClInclude Include="src\ToolsCore.h" />
    <ClInclude Include="src\EditorEngine.h" />
    <ClInclude Include="src\Windows\Widgets\AssetBrowser\AssetTree.h" />
  </ItemGroup>
  <ItemGroup>
    <ClCompile Include="src\Windows\ToolsWindow.cpp">
      <Filter>Windows</Filter>
    </ClCompile>
    <ClCompile Include="src\Main.cpp" />
    <ClCompile Include="src\Windows\ProjectManagerWindow.cpp" />
    <ClCompile Include="src\ToolsCore.cpp" />
    <ClCompile Include="src\Windows\EditorWindow.cpp" />
    <ClCompile Include="src\EditorEngine.cpp" />
    <ClCompile Include="src\Windows\Widgets\ConsoleWidget.cpp" />
    <ClCompile Include="src\Windows\Widgets\AssetBrowser\AssetBrowser.cpp" />
    <ClCompile Include="src\Windows\Widgets\AssetBrowser\AssetTree.cpp" />
    <ClCompile Include="src\Windows\Widgets\RenderWidget.cpp" />
    <ClCompile Include="src\Windows\Widgets\WorldViewportWidget.cpp" />
    <ClCompile Include="src\Windows\Debug\ModuleDebugger.cpp" />
  </ItemGroup>
  <ItemGroup>
    <QtMoc Include="src\Windows\ToolsWindow.h">
      <Filter>Windows</Filter>
    </QtMoc>
    <QtMoc Include="src\Windows\ProjectManagerWindow.h" />
    <QtMoc Include="src\Windows\EditorWindow.h" />
    <QtMoc Include="src\Windows\Debug\ModuleDebugger.h" />
    <QtMoc Include="src\Windows\Widgets\EditorViewport.h" />
    <QtMoc Include="src\Windows\Widgets\ConsoleWidget.h" />
    <QtMoc Include="src\Windows\Widgets\AssetBrowser\AssetBrowser.h" />
    <QtMoc Include="src\Windows\Widgets\RenderWidget.h" />
    <QtMoc Include="src\Windows\Widgets\WorldViewportWidget.h" />
  </ItemGroup>
</Project>