<?xml version="1.0" encoding="utf-8"?>
<Project ToolsVersion="4.0" xmlns="http://schemas.microsoft.com/developer/msbuild/2003">
  <ItemGroup>
    <ClCompile Include="src\EditorEngine.cpp" />
    <ClCompile Include="src\Main.cpp" />
    <ClCompile Include="src\ToolsCore.cpp" />
    <ClCompile Include="src\Widgets\FileDialogs.cpp" />
    <ClCompile Include="src\Widgets\FramelessDialog.cpp" />
    <ClCompile Include="src\Widgets\ImportDialogs\BaseImportDialog.cpp" />
    <ClCompile Include="src\Widgets\ImportDialogs\TextureImportDialog.cpp" />
    <ClCompile Include="src\Widgets\ObjectSelectorWidget.cpp" />
    <ClCompile Include="src\Widgets\PropertyEditor.cpp" />
    <ClCompile Include="src\Widgets\PropertyEditors\ArrayProperty.cpp" />
    <ClCompile Include="src\Widgets\PropertyEditors\BoolProperty.cpp" />
    <ClCompile Include="src\Widgets\PropertyEditors\EnumProperty.cpp" />
    <ClCompile Include="src\Widgets\PropertyEditors\FloatProperty.cpp" />
    <ClCompile Include="src\Widgets\PropertyEditors\IntProperty.cpp" />
    <ClCompile Include="src\Widgets\PropertyEditors\ObjectPtrProperty.cpp" />
    <ClCompile Include="src\Widgets\PropertyEditors\QuatProperty.cpp" />
    <ClCompile Include="src\Widgets\PropertyEditors\StringProperty.cpp" />
    <ClCompile Include="src\Widgets\PropertyEditors\StructProperty.cpp" />
    <ClCompile Include="src\Widgets\PropertyEditors\VectorProperty.cpp" />
    <ClCompile Include="src\Widgets\SaveDialog.cpp" />
    <ClCompile Include="src\Widgets\SplitterLink.cpp" />
    <ClCompile Include="src\Windows\Debug\ModuleDebugger.cpp" />
    <ClCompile Include="src\Windows\Debug\ObjectDebugger.cpp" />
    <ClCompile Include="src\Windows\Debug\WidgetDemo.cpp" />
    <ClCompile Include="src\Windows\Editor\AssetBrowserDock.cpp" />
    <ClCompile Include="src\Windows\Editor\EditorWindow.cpp" />
    <ClCompile Include="src\Windows\Editor\OutlinerWidget.cpp" />
    <ClCompile Include="src\Windows\Editor\PropertiesWidget.cpp" />
    <ClCompile Include="src\Windows\MaterialEditor.cpp" />
    <ClCompile Include="src\Windows\ModelCreator\ModelCreator.cpp" />
    <ClCompile Include="src\Windows\ProjectManagerWindow.cpp" />
    <ClCompile Include="src\Windows\ToolsWindow.cpp" />
    <ClCompile Include="src\Widgets\AssetBrowser.cpp" />
    <ClCompile Include="src\Widgets\ClassSelectorDialog.cpp" />
    <ClCompile Include="src\Widgets\CollapsableWidget.cpp" />
    <ClCompile Include="src\Windows\Editor\ConsoleWidget.cpp" />
    <ClCompile Include="src\Widgets\RenderWidget.cpp" />
    <ClCompile Include="src\Widgets\WorldViewportWidget.cpp" />
    <ClCompile Include="src\EditorMode.cpp" />
    <ClCompile Include="src\EditorSelectMode.cpp" />
    <ClCompile Include="src\HistoryBuffer.cpp" />
    <ClCompile Include="src\Widgets\ClassSelectorWidget.cpp" />
    <ClCompile Include="src\Widgets\PropertyEditors\ClassPtrProperty.cpp" />
    <ClCompile Include="src\Windows\Editor\SceneSettingsWidget.cpp" />
    <ClCompile Include="src\CodeGenerator.cpp" />
    <ClCompile Include="src\AdvancedDockWidgets\ads_globals.cpp" />
    <ClCompile Include="src\AdvancedDockWidgets\AutoHideDockContainer.cpp" />
    <ClCompile Include="src\AdvancedDockWidgets\AutoHideSideBar.cpp" />
    <ClCompile Include="src\AdvancedDockWidgets\AutoHideTab.cpp" />
    <ClCompile Include="src\AdvancedDockWidgets\DockAreaTabBar.cpp" />
    <ClCompile Include="src\AdvancedDockWidgets\DockAreaTitleBar.cpp" />
    <ClCompile Include="src\AdvancedDockWidgets\DockAreaWidget.cpp" />
    <ClCompile Include="src\AdvancedDockWidgets\DockComponentsFactory.cpp" />
    <ClCompile Include="src\AdvancedDockWidgets\DockContainerWidget.cpp" />
    <ClCompile Include="src\AdvancedDockWidgets\DockFocusController.cpp" />
    <ClCompile Include="src\AdvancedDockWidgets\DockingStateReader.cpp" />
    <ClCompile Include="src\AdvancedDockWidgets\DockManager.cpp" />
    <ClCompile Include="src\AdvancedDockWidgets\DockOverlay.cpp" />
    <ClCompile Include="src\AdvancedDockWidgets\DockSplitter.cpp" />
    <ClCompile Include="src\AdvancedDockWidgets\DockWidget.cpp" />
    <ClCompile Include="src\AdvancedDockWidgets\DockWidgetTab.cpp" />
    <ClCompile Include="src\AdvancedDockWidgets\ElidingLabel.cpp" />
    <ClCompile Include="src\AdvancedDockWidgets\FloatingDockContainer.cpp" />
    <ClCompile Include="src\AdvancedDockWidgets\FloatingDragPreview.cpp" />
    <ClCompile Include="src\AdvancedDockWidgets\IconProvider.cpp" />
    <ClCompile Include="src\AdvancedDockWidgets\PushButton.cpp" />
    <ClCompile Include="src\AdvancedDockWidgets\ResizeHandle.cpp" />
  </ItemGroup>
  <ItemGroup>
    <ClInclude Include="src\EditorEngine.h" />
    <ClInclude Include="src\ToolsCore.h" />
    <ClInclude Include="src\Widgets\ImportDialogs\BaseImportDialog.h" />
    <ClInclude Include="src\Widgets\ImportDialogs\TextureImportDialog.h" />
    <ClInclude Include="src\Windows\ModelCreator\Private\MeshWidget.h" />
    <ClInclude Include="src\Windows\ToolsClass.h" />
    <ClInclude Include="src\Widgets\TreeDataItem.h" />
    <ClInclude Include="resource.h" />
    <ClInclude Include="src\EditorMode.h" />
    <ClInclude Include="src\CodeGenerator.h" />
  </ItemGroup>
  <ItemGroup>
    <QtMoc Include="src\Windows\Debug\ModuleDebugger.h" />
    <QtMoc Include="src\Widgets\AssetBrowser.h" />
    <QtMoc Include="src\Windows\EditorPreferences.h" />
    <QtMoc Include="src\Windows\Editor\OutlinerWidget.h" />
    <QtMoc Include="src\Widgets\SaveDialog.h" />
    <QtMoc Include="src\Windows\ModelCreator\ModelCreator.h" />
    <QtMoc Include="src\Windows\Debug\WidgetDemo.h" />
    <QtMoc Include="src\Windows\Editor\PropertiesWidget.h" />
    <QtMoc Include="src\Windows\Editor\AssetBrowserDock.h" />
    <QtMoc Include="src\Widgets\SplitterLink.h" />
    <QtMoc Include="src\Widgets\PropertyEditor.h" />
    <QtMoc Include="src\Widgets\PropertyEditors\IntProperty.h" />
    <QtMoc Include="src\Widgets\PropertyEditors\StringProperty.h" />
    <QtMoc Include="src\Widgets\PropertyEditors\EnumProperty.h" />
    <QtMoc Include="src\Widgets\PropertyEditors\BoolProperty.h" />
    <QtMoc Include="src\Widgets\PropertyEditors\FloatProperty.h" />
    <QtMoc Include="src\Widgets\PropertyEditors\StructProperty.h" />
    <QtMoc Include="src\Widgets\FileDialogs.h" />
    <QtMoc Include="src\Widgets\FramelessDialog.h" />
    <QtMoc Include="src\Widgets\ObjectSelectorWidget.h" />
    <QtMoc Include="src\Widgets\PropertyEditors\ObjectPtrProperty.h" />
    <QtMoc Include="src\Widgets\PropertyEditors\VectorProperty.h" />
    <QtMoc Include="src\Widgets\PropertyEditors\ArrayProperty.h" />
    <QtMoc Include="src\Windows\MaterialEditor.h" />
    <QtMoc Include="src\Widgets\PropertyEditors\QuatProperty.h" />
    <QtMoc Include="src\Windows\Debug\ObjectDebugger.h" />
    <QtMoc Include="src\Windows\ToolsWindow.h" />
    <QtMoc Include="src\Windows\ProjectManagerWindow.h" />
    <QtMoc Include="src\Windows\Editor\EditorWindow.h" />
    <QtMoc Include="src\Widgets\WorldViewportWidget.h" />
    <QtMoc Include="src\Widgets\RenderWidget.h" />
    <QtMoc Include="src\Windows\Editor\ConsoleWidget.h" />
    <QtMoc Include="src\Widgets\CollapsableWidget.h" />
    <QtMoc Include="src\Widgets\ClassSelectorDialog.h" />
    <QtMoc Include="src\HistoryBuffer.h" />
    <QtMoc Include="src\Widgets\ClassSelectorWidget.h" />
    <QtMoc Include="src\Widgets\PropertyEditors\ClassPtrProperty.h" />
    <QtMoc Include="src\Windows\Editor\SceneSettingsWidget.h" />
	<QtMoc Include="src\AdvancedDockWidgets\ads_globals.h" />
    <QtMoc Include="src\AdvancedDockWidgets\AutoHideDockContainer.h" />
    <QtMoc Include="src\AdvancedDockWidgets\AutoHideSideBar.h" />
    <QtMoc Include="src\AdvancedDockWidgets\AutoHideTab.h" />
    <QtMoc Include="src\AdvancedDockWidgets\DockAreaTabBar.h" />
    <QtMoc Include="src\AdvancedDockWidgets\DockAreaTitleBar.h" />
    <QtMoc Include="src\AdvancedDockWidgets\DockAreaTitleBar_p.h" />
    <QtMoc Include="src\AdvancedDockWidgets\DockAreaWidget.h" />
    <QtMoc Include="src\AdvancedDockWidgets\DockComponentsFactory.h" />
    <QtMoc Include="src\AdvancedDockWidgets\DockContainerWidget.h" />
    <QtMoc Include="src\AdvancedDockWidgets\DockFocusController.h" />
    <QtMoc Include="src\AdvancedDockWidgets\DockingStateReader.h" />
    <QtMoc Include="src\AdvancedDockWidgets\DockManager.h" />
    <QtMoc Include="src\AdvancedDockWidgets\DockOverlay.h" />
    <QtMoc Include="src\AdvancedDockWidgets\DockSplitter.h" />
    <QtMoc Include="src\AdvancedDockWidgets\DockWidget.h" />
    <QtMoc Include="src\AdvancedDockWidgets\DockWidgetTab.h" />
    <QtMoc Include="src\AdvancedDockWidgets\ElidingLabel.h" />
    <QtMoc Include="src\AdvancedDockWidgets\FloatingDockContainer.h" />
    <QtMoc Include="src\AdvancedDockWidgets\FloatingDragPreview.h" />
    <QtMoc Include="src\AdvancedDockWidgets\IconProvider.h" />
    <QtMoc Include="src\AdvancedDockWidgets\PushButton.h" />
    <QtMoc Include="src\AdvancedDockWidgets\ResizeHandle.h" />
  </ItemGroup>
  <ItemGroup>
    <QtRcc Include="icons.qrc" />
  </ItemGroup>
  <ItemGroup>
    <Filter Include="Resource Files">
      <UniqueIdentifier>{98115ac7-a241-4521-a232-18fee5ec5303}</UniqueIdentifier>
    </Filter>
  </ItemGroup>
  <ItemGroup>
    <ResourceCompile Include="Thorium Sdk.rc" />
  </ItemGroup>
  <ItemGroup>
    <Image Include="thorium-engine-icon.ico" />
  </ItemGroup>
</Project>